// !$*UTF8*$!
{
	archiveVersion = 1;
	classes = {
	};
	objectVersion = 77;
	objects = {

/* Begin PBXBuildFile section */
		CC5459A42E4AE5BA00B8CFA2 /* README.md in Resources */ = {isa = PBXBuildFile; fileRef = CC5459A32E4AE5B400B8CFA2 /* README.md */; };
		CC5459A62E4AE60400B8CFA2 /* APP_FLOW.md in Resources */ = {isa = PBXBuildFile; fileRef = CC5459A52E4AE5F800B8CFA2 /* APP_FLOW.md */; };
/* End PBXBuildFile section */

/* Begin PBXContainerItemProxy section */
		CC54596C2E4AD57D00B8CFA2 /* PBXContainerItemProxy */ = {
			isa = PBXContainerItemProxy;
			containerPortal = CC5459552E4AD57C00B8CFA2 /* Project object */;
			proxyType = 1;
			remoteGlobalIDString = CC54595C2E4AD57C00B8CFA2;
			remoteInfo = "bgb-cpg";
		};
		CC5459762E4AD57D00B8CFA2 /* PBXContainerItemProxy */ = {
			isa = PBXContainerItemProxy;
			containerPortal = CC5459552E4AD57C00B8CFA2 /* Project object */;
			proxyType = 1;
			remoteGlobalIDString = CC54595C2E4AD57C00B8CFA2;
			remoteInfo = "bgb-cpg";
		};
/* End PBXContainerItemProxy section */

/* Begin PBXFileReference section */
		CC54595D2E4AD57C00B8CFA2 /* bgb-cpg.app */ = {isa = PBXFileReference; explicitFileType = wrapper.application; includeInIndex = 0; path = "bgb-cpg.app"; sourceTree = BUILT_PRODUCTS_DIR; };
		CC54596B2E4AD57D00B8CFA2 /* bgb-cpgTests.xctest */ = {isa = PBXFileReference; explicitFileType = wrapper.cfbundle; includeInIndex = 0; path = "bgb-cpgTests.xctest"; sourceTree = BUILT_PRODUCTS_DIR; };
		CC5459752E4AD57D00B8CFA2 /* bgb-cpgUITests.xctest */ = {isa = PBXFileReference; explicitFileType = wrapper.cfbundle; includeInIndex = 0; path = "bgb-cpgUITests.xctest"; sourceTree = BUILT_PRODUCTS_DIR; };
		CC5459A32E4AE5B400B8CFA2 /* README.md */ = {isa = PBXFileReference; lastKnownFileType = net.daringfireball.markdown; path = README.md; sourceTree = "<group>"; };
		CC5459A52E4AE5F800B8CFA2 /* APP_FLOW.md */ = {isa = PBXFileReference; lastKnownFileType = net.daringfireball.markdown; path = APP_FLOW.md; sourceTree = "<group>"; };
/* End PBXFileReference section */

/* Begin PBXFileSystemSynchronizedRootGroup section */
		CC54595F2E4AD57C00B8CFA2 /* bgb-cpg */ = {
			isa = PBXFileSystemSynchronizedRootGroup;
			path = "bgb-cpg";
			sourceTree = "<group>";
		};
		CC54596E2E4AD57D00B8CFA2 /* bgb-cpgTests */ = {
			isa = PBXFileSystemSynchronizedRootGroup;
			path = "bgb-cpgTests";
			sourceTree = "<group>";
		};
		CC5459782E4AD57D00B8CFA2 /* bgb-cpgUITests */ = {
			isa = PBXFileSystemSynchronizedRootGroup;
			path = "bgb-cpgUITests";
			sourceTree = "<group>";
		};
/* End PBXFileSystemSynchronizedRootGroup section */

/* Begin PBXFrameworksBuildPhase section */
		CC54595A2E4AD57C00B8CFA2 /* Frameworks */ = {
			isa = PBXFrameworksBuildPhase;
			buildActionMask = 2147483647;
			files = (
			);
			runOnlyForDeploymentPostprocessing = 0;
		};
		CC5459682E4AD57D00B8CFA2 /* Frameworks */ = {
			isa = PBXFrameworksBuildPhase;
			buildActionMask = 2147483647;
			files = (
			);
			runOnlyForDeploymentPostprocessing = 0;
		};
		CC5459722E4AD57D00B8CFA2 /* Frameworks */ = {
			isa = PBXFrameworksBuildPhase;
			buildActionMask = 2147483647;
			files = (
			);
			runOnlyForDeploymentPostprocessing = 0;
		};
/* End PBXFrameworksBuildPhase section */

/* Begin PBXGroup section */
		CC5459542E4AD57B00B8CFA2 = {
			isa = PBXGroup;
			children = (
				CC5459A52E4AE5F800B8CFA2 /* APP_FLOW.md */,
				CC5459A32E4AE5B400B8CFA2 /* README.md */,
				CC54595F2E4AD57C00B8CFA2 /* bgb-cpg */,
				CC54596E2E4AD57D00B8CFA2 /* bgb-cpgTests */,
				CC5459782E4AD57D00B8CFA2 /* bgb-cpgUITests */,
				CC54595E2E4AD57C00B8CFA2 /* Products */,
			);
			sourceTree = "<group>";
		};
		CC54595E2E4AD57C00B8CFA2 /* Products */ = {
			isa = PBXGroup;
			children = (
				CC54595D2E4AD57C00B8CFA2 /* bgb-cpg.app */,
				CC54596B2E4AD57D00B8CFA2 /* bgb-cpgTests.xctest */,
				CC5459752E4AD57D00B8CFA2 /* bgb-cpgUITests.xctest */,
			);
			name = Products;
			sourceTree = "<group>";
		};
/* End PBXGroup section */

/* Begin PBXNativeTarget section */
		CC54595C2E4AD57C00B8CFA2 /* bgb-cpg */ = {
			isa = PBXNativeTarget;
			buildConfigurationList = CC54597F2E4AD57D00B8CFA2 /* Build configuration list for PBXNativeTarget "bgb-cpg" */;
			buildPhases = (
				CC5459592E4AD57C00B8CFA2 /* Sources */,
				CC54595A2E4AD57C00B8CFA2 /* Frameworks */,
				CC54595B2E4AD57C00B8CFA2 /* Resources */,
			);
			buildRules = (
			);
			dependencies = (
			);
			fileSystemSynchronizedGroups = (
				CC54595F2E4AD57C00B8CFA2 /* bgb-cpg */,
			);
			name = "bgb-cpg";
			packageProductDependencies = (
			);
			productName = "bgb-cpg";
			productReference = CC54595D2E4AD57C00B8CFA2 /* bgb-cpg.app */;
			productType = "com.apple.product-type.application";
		};
		CC54596A2E4AD57D00B8CFA2 /* bgb-cpgTests */ = {
			isa = PBXNativeTarget;
			buildConfigurationList = CC5459822E4AD57D00B8CFA2 /* Build configuration list for PBXNativeTarget "bgb-cpgTests" */;
			buildPhases = (
				CC5459672E4AD57D00B8CFA2 /* Sources */,
				CC5459682E4AD57D00B8CFA2 /* Frameworks */,
				CC5459692E4AD57D00B8CFA2 /* Resources */,
			);
			buildRules = (
			);
			dependencies = (
				CC54596D2E4AD57D00B8CFA2 /* PBXTargetDependency */,
			);
			fileSystemSynchronizedGroups = (
				CC54596E2E4AD57D00B8CFA2 /* bgb-cpgTests */,
			);
			name = "bgb-cpgTests";
			packageProductDependencies = (
			);
			productName = "bgb-cpgTests";
			productReference = CC54596B2E4AD57D00B8CFA2 /* bgb-cpgTests.xctest */;
			productType = "com.apple.product-type.bundle.unit-test";
		};
		CC5459742E4AD57D00B8CFA2 /* bgb-cpgUITests */ = {
			isa = PBXNativeTarget;
			buildConfigurationList = CC5459852E4AD57D00B8CFA2 /* Build configuration list for PBXNativeTarget "bgb-cpgUITests" */;
			buildPhases = (
				CC5459712E4AD57D00B8CFA2 /* Sources */,
				CC5459722E4AD57D00B8CFA2 /* Frameworks */,
				CC5459732E4AD57D00B8CFA2 /* Resources */,
			);
			buildRules = (
			);
			dependencies = (
				CC5459772E4AD57D00B8CFA2 /* PBXTargetDependency */,
			);
			fileSystemSynchronizedGroups = (
				CC5459782E4AD57D00B8CFA2 /* bgb-cpgUITests */,
			);
			name = "bgb-cpgUITests";
			packageProductDependencies = (
			);
			productName = "bgb-cpgUITests";
			productReference = CC5459752E4AD57D00B8CFA2 /* bgb-cpgUITests.xctest */;
			productType = "com.apple.product-type.bundle.ui-testing";
		};
/* End PBXNativeTarget section */

/* Begin PBXProject section */
		CC5459552E4AD57C00B8CFA2 /* Project object */ = {
			isa = PBXProject;
			attributes = {
				BuildIndependentTargetsInParallel = 1;
				LastSwiftUpdateCheck = 1640;
				LastUpgradeCheck = 1640;
				TargetAttributes = {
					CC54595C2E4AD57C00B8CFA2 = {
						CreatedOnToolsVersion = 16.4;
					};
					CC54596A2E4AD57D00B8CFA2 = {
						CreatedOnToolsVersion = 16.4;
						TestTargetID = CC54595C2E4AD57C00B8CFA2;
					};
					CC5459742E4AD57D00B8CFA2 = {
						CreatedOnToolsVersion = 16.4;
						TestTargetID = CC54595C2E4AD57C00B8CFA2;
					};
				};
			};
			buildConfigurationList = CC5459582E4AD57C00B8CFA2 /* Build configuration list for PBXProject "bgb-cpg" */;
			developmentRegion = en;
			hasScannedForEncodings = 0;
			knownRegions = (
				en,
				Base,
			);
			mainGroup = CC5459542E4AD57B00B8CFA2;
			minimizedProjectReferenceProxies = 1;
			preferredProjectObjectVersion = 77;
			productRefGroup = CC54595E2E4AD57C00B8CFA2 /* Products */;
			projectDirPath = "";
			projectRoot = "";
			targets = (
				CC54595C2E4AD57C00B8CFA2 /* bgb-cpg */,
				CC54596A2E4AD57D00B8CFA2 /* bgb-cpgTests */,
				CC5459742E4AD57D00B8CFA2 /* bgb-cpgUITests */,
			);
		};
/* End PBXProject section */

/* Begin PBXResourcesBuildPhase section */
		CC54595B2E4AD57C00B8CFA2 /* Resources */ = {
			isa = PBXResourcesBuildPhase;
			buildActionMask = 2147483647;
			files = (
				CC5459A42E4AE5BA00B8CFA2 /* README.md in Resources */,
				CC5459A62E4AE60400B8CFA2 /* APP_FLOW.md in Resources */,
			);
			runOnlyForDeploymentPostprocessing = 0;
		};
		CC5459692E4AD57D00B8CFA2 /* Resources */ = {
			isa = PBXResourcesBuildPhase;
			buildActionMask = 2147483647;
			files = (
			);
			runOnlyForDeploymentPostprocessing = 0;
		};
		CC5459732E4AD57D00B8CFA2 /* Resources */ = {
			isa = PBXResourcesBuildPhase;
			buildActionMask = 2147483647;
			files = (
			);
			runOnlyForDeploymentPostprocessing = 0;
		};
/* End PBXResourcesBuildPhase section */

/* Begin PBXSourcesBuildPhase section */
		CC5459592E4AD57C00B8CFA2 /* Sources */ = {
			isa = PBXSourcesBuildPhase;
			buildActionMask = 2147483647;
			files = (
			);
			runOnlyForDeploymentPostprocessing = 0;
		};
		CC5459672E4AD57D00B8CFA2 /* Sources */ = {
			isa = PBXSourcesBuildPhase;
			buildActionMask = 2147483647;
			files = (
			);
			runOnlyForDeploymentPostprocessing = 0;
		};
		CC5459712E4AD57D00B8CFA2 /* Sources */ = {
			isa = PBXSourcesBuildPhase;
			buildActionMask = 2147483647;
			files = (
			);
			runOnlyForDeploymentPostprocessing = 0;
		};
/* End PBXSourcesBuildPhase section */

/* Begin PBXTargetDependency section */
		CC54596D2E4AD57D00B8CFA2 /* PBXTargetDependency */ = {
			isa = PBXTargetDependency;
			target = CC54595C2E4AD57C00B8CFA2 /* bgb-cpg */;
			targetProxy = CC54596C2E4AD57D00B8CFA2 /* PBXContainerItemProxy */;
		};
		CC5459772E4AD57D00B8CFA2 /* PBXTargetDependency */ = {
			isa = PBXTargetDependency;
			target = CC54595C2E4AD57C00B8CFA2 /* bgb-cpg */;
			targetProxy = CC5459762E4AD57D00B8CFA2 /* PBXContainerItemProxy */;
		};
/* End PBXTargetDependency section */

/* Begin XCBuildConfiguration section */
		CC54597D2E4AD57D00B8CFA2 /* Debug */ = {
			isa = XCBuildConfiguration;
			buildSettings = {
				ALWAYS_SEARCH_USER_PATHS = NO;
				ASSETCATALOG_COMPILER_GENERATE_SWIFT_ASSET_SYMBOL_EXTENSIONS = YES;
				CLANG_ANALYZER_NONNULL = YES;
				CLANG_ANALYZER_NUMBER_OBJECT_CONVERSION = YES_AGGRESSIVE;
				CLANG_CXX_LANGUAGE_STANDARD = "gnu++20";
				CLANG_ENABLE_MODULES = YES;
				CLANG_ENABLE_OBJC_ARC = YES;
				CLANG_ENABLE_OBJC_WEAK = YES;
				CLANG_WARN_BLOCK_CAPTURE_AUTORELEASING = YES;
				CLANG_WARN_BOOL_CONVERSION = YES;
				CLANG_WARN_COMMA = YES;
				CLANG_WARN_CONSTANT_CONVERSION = YES;
				CLANG_WARN_DEPRECATED_OBJC_IMPLEMENTATIONS = YES;
				CLANG_WARN_DIRECT_OBJC_ISA_USAGE = YES_ERROR;
				CLANG_WARN_DOCUMENTATION_COMMENTS = YES;
				CLANG_WARN_EMPTY_BODY = YES;
				CLANG_WARN_ENUM_CONVERSION = YES;
				CLANG_WARN_INFINITE_RECURSION = YES;
				CLANG_WARN_INT_CONVERSION = YES;
				CLANG_WARN_NON_LITERAL_NULL_CONVERSION = YES;
				CLANG_WARN_OBJC_IMPLICIT_RETAIN_SELF = YES;
				CLANG_WARN_OBJC_LITERAL_CONVERSION = YES;
				CLANG_WARN_OBJC_ROOT_CLASS = YES_ERROR;
				CLANG_WARN_QUOTED_INCLUDE_IN_FRAMEWORK_HEADER = YES;
				CLANG_WARN_RANGE_LOOP_ANALYSIS = YES;
				CLANG_WARN_STRICT_PROTOTYPES = YES;
				CLANG_WARN_SUSPICIOUS_MOVE = YES;
				CLANG_WARN_UNGUARDED_AVAILABILITY = YES_AGGRESSIVE;
				CLANG_WARN_UNREACHABLE_CODE = YES;
				CLANG_WARN__DUPLICATE_METHOD_MATCH = YES;
				COPY_PHASE_STRIP = NO;
				DEBUG_INFORMATION_FORMAT = dwarf;
				ENABLE_STRICT_OBJC_MSGSEND = YES;
				ENABLE_TESTABILITY = YES;
				ENABLE_USER_SCRIPT_SANDBOXING = YES;
				GCC_C_LANGUAGE_STANDARD = gnu17;
				GCC_DYNAMIC_NO_PIC = NO;
				GCC_NO_COMMON_BLOCKS = YES;
				GCC_OPTIMIZATION_LEVEL = 0;
				GCC_PREPROCESSOR_DEFINITIONS = (
					"DEBUG=1",
					"$(inherited)",
				);
				GCC_WARN_64_TO_32_BIT_CONVERSION = YES;
				GCC_WARN_ABOUT_RETURN_TYPE = YES_ERROR;
				GCC_WARN_UNDECLARED_SELECTOR = YES;
				GCC_WARN_UNINITIALIZED_AUTOS = YES_AGGRESSIVE;
				GCC_WARN_UNUSED_FUNCTION = YES;
				GCC_WARN_UNUSED_VARIABLE = YES;
				LOCALIZATION_PREFERS_STRING_CATALOGS = YES;
				MTL_ENABLE_DEBUG_INFO = INCLUDE_SOURCE;
				MTL_FAST_MATH = YES;
				ONLY_ACTIVE_ARCH = YES;
				SWIFT_ACTIVE_COMPILATION_CONDITIONS = "DEBUG $(inherited)";
				SWIFT_OPTIMIZATION_LEVEL = "-Onone";
			};
			name = Debug;
		};
		CC54597E2E4AD57D00B8CFA2 /* Release */ = {
			isa = XCBuildConfiguration;
			buildSettings = {
				ALWAYS_SEARCH_USER_PATHS = NO;
				ASSETCATALOG_COMPILER_GENERATE_SWIFT_ASSET_SYMBOL_EXTENSIONS = YES;
				CLANG_ANALYZER_NONNULL = YES;
				CLANG_ANALYZER_NUMBER_OBJECT_CONVERSION = YES_AGGRESSIVE;
				CLANG_CXX_LANGUAGE_STANDARD = "gnu++20";
				CLANG_ENABLE_MODULES = YES;
				CLANG_ENABLE_OBJC_ARC = YES;
				CLANG_ENABLE_OBJC_WEAK = YES;
				CLANG_WARN_BLOCK_CAPTURE_AUTORELEASING = YES;
				CLANG_WARN_BOOL_CONVERSION = YES;
				CLANG_WARN_COMMA = YES;
				CLANG_WARN_CONSTANT_CONVERSION = YES;
				CLANG_WARN_DEPRECATED_OBJC_IMPLEMENTATIONS = YES;
				CLANG_WARN_DIRECT_OBJC_ISA_USAGE = YES_ERROR;
				CLANG_WARN_DOCUMENTATION_COMMENTS = YES;
				CLANG_WARN_EMPTY_BODY = YES;
				CLANG_WARN_ENUM_CONVERSION = YES;
				CLANG_WARN_INFINITE_RECURSION = YES;
				CLANG_WARN_INT_CONVERSION = YES;
				CLANG_WARN_NON_LITERAL_NULL_CONVERSION = YES;
				CLANG_WARN_OBJC_IMPLICIT_RETAIN_SELF = YES;
				CLANG_WARN_OBJC_LITERAL_CONVERSION = YES;
				CLANG_WARN_OBJC_ROOT_CLASS = YES_ERROR;
				CLANG_WARN_QUOTED_INCLUDE_IN_FRAMEWORK_HEADER = YES;
				CLANG_WARN_RANGE_LOOP_ANALYSIS = YES;
				CLANG_WARN_STRICT_PROTOTYPES = YES;
				CLANG_WARN_SUSPICIOUS_MOVE = YES;
				CLANG_WARN_UNGUARDED_AVAILABILITY = YES_AGGRESSIVE;
				CLANG_WARN_UNREACHABLE_CODE = YES;
				CLANG_WARN__DUPLICATE_METHOD_MATCH = YES;
				COPY_PHASE_STRIP = NO;
				DEBUG_INFORMATION_FORMAT = "dwarf-with-dsym";
				ENABLE_NS_ASSERTIONS = NO;
				ENABLE_STRICT_OBJC_MSGSEND = YES;
				ENABLE_USER_SCRIPT_SANDBOXING = YES;
				GCC_C_LANGUAGE_STANDARD = gnu17;
				GCC_NO_COMMON_BLOCKS = YES;
				GCC_WARN_64_TO_32_BIT_CONVERSION = YES;
				GCC_WARN_ABOUT_RETURN_TYPE = YES_ERROR;
				GCC_WARN_UNDECLARED_SELECTOR = YES;
				GCC_WARN_UNINITIALIZED_AUTOS = YES_AGGRESSIVE;
				GCC_WARN_UNUSED_FUNCTION = YES;
				GCC_WARN_UNUSED_VARIABLE = YES;
				LOCALIZATION_PREFERS_STRING_CATALOGS = YES;
				MTL_ENABLE_DEBUG_INFO = NO;
				MTL_FAST_MATH = YES;
				SWIFT_COMPILATION_MODE = wholemodule;
			};
			name = Release;
		};
		CC5459802E4AD57D00B8CFA2 /* Debug */ = {
			isa = XCBuildConfiguration;
			buildSettings = {
				ASSETCATALOG_COMPILER_APPICON_NAME = AppIcon;
				ASSETCATALOG_COMPILER_GLOBAL_ACCENT_COLOR_NAME = AccentColor;
				CODE_SIGN_ENTITLEMENTS = "bgb-cpg/bgb_cpg.entitlements";
				CODE_SIGN_STYLE = Automatic;
				CURRENT_PROJECT_VERSION = 1;
				DEVELOPMENT_TEAM = 63DVM36QYP;
				ENABLE_PREVIEWS = YES;
				GENERATE_INFOPLIST_FILE = YES;
				"INFOPLIST_KEY_UIApplicationSceneManifest_Generation[sdk=iphoneos*]" = YES;
				"INFOPLIST_KEY_UIApplicationSceneManifest_Generation[sdk=iphonesimulator*]" = YES;
				"INFOPLIST_KEY_UIApplicationSupportsIndirectInputEvents[sdk=iphoneos*]" = YES;
				"INFOPLIST_KEY_UIApplicationSupportsIndirectInputEvents[sdk=iphonesimulator*]" = YES;
				"INFOPLIST_KEY_UILaunchScreen_Generation[sdk=iphoneos*]" = YES;
				"INFOPLIST_KEY_UILaunchScreen_Generation[sdk=iphonesimulator*]" = YES;
				"INFOPLIST_KEY_UIStatusBarStyle[sdk=iphoneos*]" = UIStatusBarStyleDefault;
				"INFOPLIST_KEY_UIStatusBarStyle[sdk=iphonesimulator*]" = UIStatusBarStyleDefault;
				INFOPLIST_KEY_UISupportedInterfaceOrientations_iPad = "UIInterfaceOrientationPortrait UIInterfaceOrientationPortraitUpsideDown UIInterfaceOrientationLandscapeLeft UIInterfaceOrientationLandscapeRight";
				INFOPLIST_KEY_UISupportedInterfaceOrientations_iPhone = "UIInterfaceOrientationPortrait UIInterfaceOrientationLandscapeLeft UIInterfaceOrientationLandscapeRight";
				IPHONEOS_DEPLOYMENT_TARGET = 18.5;
				LD_RUNPATH_SEARCH_PATHS = "@executable_path/Frameworks";
				"LD_RUNPATH_SEARCH_PATHS[sdk=macosx*]" = "@executable_path/../Frameworks";
				MACOSX_DEPLOYMENT_TARGET = 15.5;
				MARKETING_VERSION = 1.0;
				PRODUCT_BUNDLE_IDENTIFIER = "board-game-barrage.bgb-cpg";
				"PRODUCT_BUNDLE_IDENTIFIER[sdk=iphoneos*]" = "board-game-barrage-bgb-cpg";
				PRODUCT_NAME = "$(TARGET_NAME)";
				REGISTER_APP_GROUPS = YES;
				SDKROOT = auto;
				SUPPORTED_PLATFORMS = "iphoneos iphonesimulator macosx xros xrsimulator";
				SWIFT_EMIT_LOC_STRINGS = YES;
				SWIFT_VERSION = 5.0;
				TARGETED_DEVICE_FAMILY = "1,2,7";
				XROS_DEPLOYMENT_TARGET = 2.5;
			};
			name = Debug;
		};
		CC5459812E4AD57D00B8CFA2 /* Release */ = {
			isa = XCBuildConfiguration;
			buildSettings = {
				ASSETCATALOG_COMPILER_APPICON_NAME = AppIcon;
				ASSETCATALOG_COMPILER_GLOBAL_ACCENT_COLOR_NAME = AccentColor;
				CODE_SIGN_ENTITLEMENTS = "bgb-cpg/bgb_cpg.entitlements";
				CODE_SIGN_STYLE = Automatic;
				CURRENT_PROJECT_VERSION = 1;
				DEVELOPMENT_TEAM = 63DVM36QYP;
				ENABLE_PREVIEWS = YES;
				GENERATE_INFOPLIST_FILE = YES;
				"INFOPLIST_KEY_UIApplicationSceneManifest_Generation[sdk=iphoneos*]" = YES;
				"INFOPLIST_KEY_UIApplicationSceneManifest_Generation[sdk=iphonesimulator*]" = YES;
				"INFOPLIST_KEY_UIApplicationSupportsIndirectInputEvents[sdk=iphoneos*]" = YES;
				"INFOPLIST_KEY_UIApplicationSupportsIndirectInputEvents[sdk=iphonesimulator*]" = YES;
				"INFOPLIST_KEY_UILaunchScreen_Generation[sdk=iphoneos*]" = YES;
				"INFOPLIST_KEY_UILaunchScreen_Generation[sdk=iphonesimulator*]" = YES;
				"INFOPLIST_KEY_UIStatusBarStyle[sdk=iphoneos*]" = UIStatusBarStyleDefault;
				"INFOPLIST_KEY_UIStatusBarStyle[sdk=iphonesimulator*]" = UIStatusBarStyleDefault;
				INFOPLIST_KEY_UISupportedInterfaceOrientations_iPad = "UIInterfaceOrientationPortrait UIInterfaceOrientationPortraitUpsideDown UIInterfaceOrientationLandscapeLeft UIInterfaceOrientationLandscapeRight";
				INFOPLIST_KEY_UISupportedInterfaceOrientations_iPhone = "UIInterfaceOrientationPortrait UIInterfaceOrientationLandscapeLeft UIInterfaceOrientationLandscapeRight";
				IPHONEOS_DEPLOYMENT_TARGET = 18.5;
				LD_RUNPATH_SEARCH_PATHS = "@executable_path/Frameworks";
				"LD_RUNPATH_SEARCH_PATHS[sdk=macosx*]" = "@executable_path/../Frameworks";
				MACOSX_DEPLOYMENT_TARGET = 15.5;
				MARKETING_VERSION = 1.0;
				PRODUCT_BUNDLE_IDENTIFIER = "board-game-barrage.bgb-cpg";
				"PRODUCT_BUNDLE_IDENTIFIER[sdk=iphoneos*]" = "board-game-barrage-bgb-cpg";
				PRODUCT_NAME = "$(TARGET_NAME)";
				REGISTER_APP_GROUPS = YES;
				SDKROOT = auto;
				SUPPORTED_PLATFORMS = "iphoneos iphonesimulator macosx xros xrsimulator";
				SWIFT_EMIT_LOC_STRINGS = YES;
				SWIFT_VERSION = 5.0;
				TARGETED_DEVICE_FAMILY = "1,2,7";
				XROS_DEPLOYMENT_TARGET = 2.5;
			};
			name = Release;
		};
		CC5459832E4AD57D00B8CFA2 /* Debug */ = {
			isa = XCBuildConfiguration;
			buildSettings = {
				BUNDLE_LOADER = "$(TEST_HOST)";
				CODE_SIGN_STYLE = Automatic;
				CURRENT_PROJECT_VERSION = 1;
				GENERATE_INFOPLIST_FILE = YES;
				IPHONEOS_DEPLOYMENT_TARGET = 18.5;
				MACOSX_DEPLOYMENT_TARGET = 15.5;
				MARKETING_VERSION = 1.0;
				PRODUCT_BUNDLE_IDENTIFIER = "board-game-barrage.bgb-cpgTests";
				PRODUCT_NAME = "$(TARGET_NAME)";
				SDKROOT = auto;
				SUPPORTED_PLATFORMS = "iphoneos iphonesimulator macosx xros xrsimulator";
				SWIFT_EMIT_LOC_STRINGS = NO;
				SWIFT_VERSION = 5.0;
				TARGETED_DEVICE_FAMILY = "1,2,7";
				TEST_HOST = "$(BUILT_PRODUCTS_DIR)/bgb-cpg.app/$(BUNDLE_EXECUTABLE_FOLDER_PATH)/bgb-cpg";
				XROS_DEPLOYMENT_TARGET = 2.5;
			};
			name = Debug;
		};
		CC5459842E4AD57D00B8CFA2 /* Release */ = {
			isa = XCBuildConfiguration;
			buildSettings = {
				BUNDLE_LOADER = "$(TEST_HOST)";
				CODE_SIGN_STYLE = Automatic;
				CURRENT_PROJECT_VERSION = 1;
				GENERATE_INFOPLIST_FILE = YES;
				IPHONEOS_DEPLOYMENT_TARGET = 18.5;
				MACOSX_DEPLOYMENT_TARGET = 15.5;
				MARKETING_VERSION = 1.0;
				PRODUCT_BUNDLE_IDENTIFIER = "board-game-barrage.bgb-cpgTests";
				PRODUCT_NAME = "$(TARGET_NAME)";
				SDKROOT = auto;
				SUPPORTED_PLATFORMS = "iphoneos iphonesimulator macosx xros xrsimulator";
				SWIFT_EMIT_LOC_STRINGS = NO;
				SWIFT_VERSION = 5.0;
				TARGETED_DEVICE_FAMILY = "1,2,7";
				TEST_HOST = "$(BUILT_PRODUCTS_DIR)/bgb-cpg.app/$(BUNDLE_EXECUTABLE_FOLDER_PATH)/bgb-cpg";
				XROS_DEPLOYMENT_TARGET = 2.5;
			};
			name = Release;
		};
		CC5459862E4AD57D00B8CFA2 /* Debug */ = {
			isa = XCBuildConfiguration;
			buildSettings = {
				CODE_SIGN_STYLE = Automatic;
				CURRENT_PROJECT_VERSION = 1;
				GENERATE_INFOPLIST_FILE = YES;
				IPHONEOS_DEPLOYMENT_TARGET = 18.5;
				MACOSX_DEPLOYMENT_TARGET = 15.5;
				MARKETING_VERSION = 1.0;
				PRODUCT_BUNDLE_IDENTIFIER = "board-game-barrage.bgb-cpgUITests";
				PRODUCT_NAME = "$(TARGET_NAME)";
				SDKROOT = auto;
				SUPPORTED_PLATFORMS = "iphoneos iphonesimulator macosx xros xrsimulator";
				SWIFT_EMIT_LOC_STRINGS = NO;
				SWIFT_VERSION = 5.0;
				TARGETED_DEVICE_FAMILY = "1,2,7";
				TEST_TARGET_NAME = "bgb-cpg";
				XROS_DEPLOYMENT_TARGET = 2.5;
			};
			name = Debug;
		};
		CC5459872E4AD57D00B8CFA2 /* Release */ = {
			isa = XCBuildConfiguration;
			buildSettings = {
				CODE_SIGN_STYLE = Automatic;
				CURRENT_PROJECT_VERSION = 1;
				GENERATE_INFOPLIST_FILE = YES;
				IPHONEOS_DEPLOYMENT_TARGET = 18.5;
				MACOSX_DEPLOYMENT_TARGET = 15.5;
				MARKETING_VERSION = 1.0;
				PRODUCT_BUNDLE_IDENTIFIER = "board-game-barrage.bgb-cpgUITests";
				PRODUCT_NAME = "$(TARGET_NAME)";
				SDKROOT = auto;
				SUPPORTED_PLATFORMS = "iphoneos iphonesimulator macosx xros xrsimulator";
				SWIFT_EMIT_LOC_STRINGS = NO;
				SWIFT_VERSION = 5.0;
				TARGETED_DEVICE_FAMILY = "1,2,7";
				TEST_TARGET_NAME = "bgb-cpg";
				XROS_DEPLOYMENT_TARGET = 2.5;
			};
			name = Release;
		};
/* End XCBuildConfiguration section */

/* Begin XCConfigurationList section */
		CC5459582E4AD57C00B8CFA2 /* Build configuration list for PBXProject "bgb-cpg" */ = {
			isa = XCConfigurationList;
			buildConfigurations = (
				CC54597D2E4AD57D00B8CFA2 /* Debug */,
				CC54597E2E4AD57D00B8CFA2 /* Release */,
			);
			defaultConfigurationIsVisible = 0;
			defaultConfigurationName = Release;
		};
		CC54597F2E4AD57D00B8CFA2 /* Build configuration list for PBXNativeTarget "bgb-cpg" */ = {
			isa = XCConfigurationList;
			buildConfigurations = (
				CC5459802E4AD57D00B8CFA2 /* Debug */,
				CC5459812E4AD57D00B8CFA2 /* Release */,
			);
			defaultConfigurationIsVisible = 0;
			defaultConfigurationName = Release;
		};
		CC5459822E4AD57D00B8CFA2 /* Build configuration list for PBXNativeTarget "bgb-cpgTests" */ = {
			isa = XCConfigurationList;
			buildConfigurations = (
				CC5459832E4AD57D00B8CFA2 /* Debug */,
				CC5459842E4AD57D00B8CFA2 /* Release */,
			);
			defaultConfigurationIsVisible = 0;
			defaultConfigurationName = Release;
		};
		CC5459852E4AD57D00B8CFA2 /* Build configuration list for PBXNativeTarget "bgb-cpgUITests" */ = {
			isa = XCConfigurationList;
			buildConfigurations = (
				CC5459862E4AD57D00B8CFA2 /* Debug */,
				CC5459872E4AD57D00B8CFA2 /* Release */,
			);
			defaultConfigurationIsVisible = 0;
			defaultConfigurationName = Release;
		};
/* End XCConfigurationList section */
	};
	rootObject = CC5459552E4AD57C00B8CFA2 /* Project object */;
}
